
Microsoft Visual Studio Solution File, Format Version 12.00
# Visual Studio Version 17
VisualStudioVersion = 17.2.32526.322
MinimumVisualStudioVersion = 10.0.40219.1
Project("{8BC9CEB8-8B4A-11D0-8D11-00A0C91BC942}") = "Homework25", "Homework25.vcxproj", "{00395B4A-35E7-43CB-A5BA-23BEC22DEDC4}"
EndProject
Global
	GlobalSection(SolutionConfigurationPlatforms) = preSolution
		Debug|x64 = Debug|x64
		Debug|x86 = Debug|x86
		Release|x64 = Release|x64
		Release|x86 = Release|x86
	EndGlobalSection
	GlobalSection(ProjectConfigurationPlatforms) = postSolution
		{00395B4A-35E7-43CB-A5BA-23BEC22DEDC4}.Debug|x64.ActiveCfg = Debug|x64
		{00395B4A-35E7-43CB-A5BA-23BEC22DEDC4}.Debug|x64.Build.0 = Debug|x64
		{00395B4A-35E7-43CB-A5BA-23BEC22DEDC4}.Debug|x86.ActiveCfg = Debug|Win32
		{00395B4A-35E7-43CB-A5BA-23BEC22DEDC4}.Debug|x86.Build.0 = Debug|Win32
		{00395B4A-35E7-43CB-A5BA-23BEC22DEDC4}.Release|x64.ActiveCfg = Release|x64
		{00395B4A-35E7-43CB-A5BA-23BEC22DEDC4}.Release|x64.Build.0 = Release|x64
		{00395B4A-35E7-43CB-A5BA-23BEC22DEDC4}.Release|x86.ActiveCfg = Release|Win32
		{00395B4A-35E7-43CB-A5BA-23BEC22DEDC4}.Release|x86.Build.0 = Release|Win32
	EndGlobalSection
	GlobalSection(SolutionProperties) = preSolution
		HideSolutionNode = FALSE
	EndGlobalSection
	GlobalSection(ExtensibilityGlobals) = postSolution
		SolutionGuid = {B10E4272-839B-4E4B-AA44-DF1EFAD54140}
	EndGlobalSection
EndGlobal
